// !$*UTF8*$!
{
	archiveVersion = 1;
	classes = {
	};
	objectVersion = 50;
	objects = {

/* Begin PBXBuildFile section */
		FA0F5A2824C9F06100CE21AC /* AppDelegate.swift in Sources */ = {isa = PBXBuildFile; fileRef = FA0F5A2724C9F06100CE21AC /* AppDelegate.swift */; };
		FA0F5A2A24C9F06100CE21AC /* SceneDelegate.swift in Sources */ = {isa = PBXBuildFile; fileRef = FA0F5A2924C9F06100CE21AC /* SceneDelegate.swift */; };
		FA0F5A2F24C9F06100CE21AC /* Main.storyboard in Resources */ = {isa = PBXBuildFile; fileRef = FA0F5A2D24C9F06100CE21AC /* Main.storyboard */; };
		FA0F5A3124C9F06300CE21AC /* Assets.xcassets in Resources */ = {isa = PBXBuildFile; fileRef = FA0F5A3024C9F06300CE21AC /* Assets.xcassets */; };
		FA0F5A3424C9F06300CE21AC /* LaunchScreen.storyboard in Resources */ = {isa = PBXBuildFile; fileRef = FA0F5A3224C9F06300CE21AC /* LaunchScreen.storyboard */; };
		FA0F5A3E24C9F0BA00CE21AC /* FirstViewController.swift in Sources */ = {isa = PBXBuildFile; fileRef = FA0F5A3D24C9F0BA00CE21AC /* FirstViewController.swift */; };
/* End PBXBuildFile section */

/* Begin PBXFileReference section */
		FA0F5A2424C9F06100CE21AC /* Unit and UI Testing.app */ = {isa = PBXFileReference; explicitFileType = wrapper.application; includeInIndex = 0; path = "Unit and UI Testing.app"; sourceTree = BUILT_PRODUCTS_DIR; };
		FA0F5A2724C9F06100CE21AC /* AppDelegate.swift */ = {isa = PBXFileReference; lastKnownFileType = sourcecode.swift; path = AppDelegate.swift; sourceTree = "<group>"; };
		FA0F5A2924C9F06100CE21AC /* SceneDelegate.swift */ = {isa = PBXFileReference; lastKnownFileType = sourcecode.swift; path = SceneDelegate.swift; sourceTree = "<group>"; };
		FA0F5A2E24C9F06100CE21AC /* Base */ = {isa = PBXFileReference; lastKnownFileType = file.storyboard; name = Base; path = Base.lproj/Main.storyboard; sourceTree = "<group>"; };
		FA0F5A3024C9F06300CE21AC /* Assets.xcassets */ = {isa = PBXFileReference; lastKnownFileType = folder.assetcatalog; path = Assets.xcassets; sourceTree = "<group>"; };
		FA0F5A3324C9F06300CE21AC /* Base */ = {isa = PBXFileReference; lastKnownFileType = file.storyboard; name = Base; path = Base.lproj/LaunchScreen.storyboard; sourceTree = "<group>"; };
		FA0F5A3524C9F06300CE21AC /* Info.plist */ = {isa = PBXFileReference; lastKnownFileType = text.plist.xml; path = Info.plist; sourceTree = "<group>"; };
		FA0F5A3D24C9F0BA00CE21AC /* FirstViewController.swift */ = {isa = PBXFileReference; lastKnownFileType = sourcecode.swift; path = FirstViewController.swift; sourceTree = "<group>"; };
/* End PBXFileReference section */

/* Begin PBXFrameworksBuildPhase section */
		FA0F5A2124C9F06100CE21AC /* Frameworks */ = {
			isa = PBXFrameworksBuildPhase;
			buildActionMask = 2147483647;
			files = (
			);
			runOnlyForDeploymentPostprocessing = 0;
		};
/* End PBXFrameworksBuildPhase section */

/* Begin PBXGroup section */
		FA0F5A1B24C9F06100CE21AC = {
			isa = PBXGroup;
			children = (
				FA0F5A3B24C9F08200CE21AC /* Storyboards */,
				FA0F5A3C24C9F08900CE21AC /* View Controllers */,
				FA0F5A2624C9F06100CE21AC /* Unit and UI Testing */,
				FA0F5A2524C9F06100CE21AC /* Products */,
			);
			sourceTree = "<group>";
		};
		FA0F5A2524C9F06100CE21AC /* Products */ = {
			isa = PBXGroup;
			children = (
				FA0F5A2424C9F06100CE21AC /* Unit and UI Testing.app */,
			);
			name = Products;
			sourceTree = "<group>";
		};
		FA0F5A2624C9F06100CE21AC /* Unit and UI Testing */ = {
			isa = PBXGroup;
			children = (
				FA0F5A2724C9F06100CE21AC /* AppDelegate.swift */,
				FA0F5A2924C9F06100CE21AC /* SceneDelegate.swift */,
				FA0F5A3024C9F06300CE21AC /* Assets.xcassets */,
				FA0F5A3524C9F06300CE21AC /* Info.plist */,
			);
			path = "Unit and UI Testing";
			sourceTree = "<group>";
		};
		FA0F5A3B24C9F08200CE21AC /* Storyboards */ = {
			isa = PBXGroup;
			children = (
				FA0F5A2D24C9F06100CE21AC /* Main.storyboard */,
				FA0F5A3224C9F06300CE21AC /* LaunchScreen.storyboard */,
			);
			path = Storyboards;
			sourceTree = "<group>";
		};
		FA0F5A3C24C9F08900CE21AC /* View Controllers */ = {
			isa = PBXGroup;
			children = (
				FA0F5A3D24C9F0BA00CE21AC /* FirstViewController.swift */,
			);
			path = "View Controllers";
			sourceTree = "<group>";
		};
/* End PBXGroup section */

/* Begin PBXNativeTarget section */
		FA0F5A2324C9F06100CE21AC /* Unit and UI Testing */ = {
			isa = PBXNativeTarget;
			buildConfigurationList = FA0F5A3824C9F06300CE21AC /* Build configuration list for PBXNativeTarget "Unit and UI Testing" */;
			buildPhases = (
				FA0F5A2024C9F06100CE21AC /* Sources */,
				FA0F5A2124C9F06100CE21AC /* Frameworks */,
				FA0F5A2224C9F06100CE21AC /* Resources */,
			);
			buildRules = (
			);
			dependencies = (
			);
			name = "Unit and UI Testing";
			productName = "Unit and UI Testing";
			productReference = FA0F5A2424C9F06100CE21AC /* Unit and UI Testing.app */;
			productType = "com.apple.product-type.application";
		};
/* End PBXNativeTarget section */

/* Begin PBXProject section */
		FA0F5A1C24C9F06100CE21AC /* Project object */ = {
			isa = PBXProject;
			attributes = {
				LastSwiftUpdateCheck = 1160;
				LastUpgradeCheck = 1160;
				ORGANIZATIONNAME = WilmaRodriguez;
				TargetAttributes = {
					FA0F5A2324C9F06100CE21AC = {
						CreatedOnToolsVersion = 11.6;
					};
				};
			};
			buildConfigurationList = FA0F5A1F24C9F06100CE21AC /* Build configuration list for PBXProject "Unit and UI Testing" */;
			compatibilityVersion = "Xcode 9.3";
			developmentRegion = en;
			hasScannedForEncodings = 0;
			knownRegions = (
				en,
				Base,
			);
			mainGroup = FA0F5A1B24C9F06100CE21AC;
			productRefGroup = FA0F5A2524C9F06100CE21AC /* Products */;
			projectDirPath = "";
			projectRoot = "";
			targets = (
				FA0F5A2324C9F06100CE21AC /* Unit and UI Testing */,
			);
		};
/* End PBXProject section */

/* Begin PBXResourcesBuildPhase section */
		FA0F5A2224C9F06100CE21AC /* Resources */ = {
			isa = PBXResourcesBuildPhase;
			buildActionMask = 2147483647;
			files = (
				FA0F5A3424C9F06300CE21AC /* LaunchScreen.storyboard in Resources */,
				FA0F5A3124C9F06300CE21AC /* Assets.xcassets in Resources */,
				FA0F5A2F24C9F06100CE21AC /* Main.storyboard in Resources */,
			);
			runOnlyForDeploymentPostprocessing = 0;
		};
/* End PBXResourcesBuildPhase section */

/* Begin PBXSourcesBuildPhase section */
		FA0F5A2024C9F06100CE21AC /* Sources */ = {
			isa = PBXSourcesBuildPhase;
			buildActionMask = 2147483647;
			files = (
				FA0F5A3E24C9F0BA00CE21AC /* FirstViewController.swift in Sources */,
				FA0F5A2824C9F06100CE21AC /* AppDelegate.swift in Sources */,
				FA0F5A2A24C9F06100CE21AC /* SceneDelegate.swift in Sources */,
			);
			runOnlyForDeploymentPostprocessing = 0;
		};
/* End PBXSourcesBuildPhase section */

/* Begin PBXVariantGroup section */
		FA0F5A2D24C9F06100CE21AC /* Main.storyboard */ = {
			isa = PBXVariantGroup;
			children = (
				FA0F5A2E24C9F06100CE21AC /* Base */,
			);
			name = Main.storyboard;
			sourceTree = "<group>";
		};
		FA0F5A3224C9F06300CE21AC /* LaunchScreen.storyboard */ = {
			isa = PBXVariantGroup;
			children = (
				FA0F5A3324C9F06300CE21AC /* Base */,
			);
			name = LaunchScreen.storyboard;
			sourceTree = "<group>";
		};
/* End PBXVariantGroup section */

/* Begin XCBuildConfiguration section */
		FA0F5A3624C9F06300CE21AC /* Debug */ = {
			isa = XCBuildConfiguration;
			buildSettings = {
				ALWAYS_SEARCH_USER_PATHS = NO;
				CLANG_ANALYZER_NONNULL = YES;
				CLANG_ANALYZER_NUMBER_OBJECT_CONVERSION = YES_AGGRESSIVE;
				CLANG_CXX_LANGUAGE_STANDARD = "gnu++14";
				CLANG_CXX_LIBRARY = "libc++";
				CLANG_ENABLE_MODULES = YES;
				CLANG_ENABLE_OBJC_ARC = YES;
				CLANG_ENABLE_OBJC_WEAK = YES;
				CLANG_WARN_BLOCK_CAPTURE_AUTORELEASING = YES;
				CLANG_WARN_BOOL_CONVERSION = YES;
				CLANG_WARN_COMMA = YES;
				CLANG_WARN_CONSTANT_CONVERSION = YES;
				CLANG_WARN_DEPRECATED_OBJC_IMPLEMENTATIONS = YES;
				CLANG_WARN_DIRECT_OBJC_ISA_USAGE = YES_ERROR;
				CLANG_WARN_DOCUMENTATION_COMMENTS = YES;
				CLANG_WARN_EMPTY_BODY = YES;
				CLANG_WARN_ENUM_CONVERSION = YES;
				CLANG_WARN_INFINITE_RECURSION = YES;
				CLANG_WARN_INT_CONVERSION = YES;
				CLANG_WARN_NON_LITERAL_NULL_CONVERSION = YES;
				CLANG_WARN_OBJC_IMPLICIT_RETAIN_SELF = YES;
				CLANG_WARN_OBJC_LITERAL_CONVERSION = YES;
				CLANG_WARN_OBJC_ROOT_CLASS = YES_ERROR;
				CLANG_WARN_RANGE_LOOP_ANALYSIS = YES;
				CLANG_WARN_STRICT_PROTOTYPES = YES;
				CLANG_WARN_SUSPICIOUS_MOVE = YES;
				CLANG_WARN_UNGUARDED_AVAILABILITY = YES_AGGRESSIVE;
				CLANG_WARN_UNREACHABLE_CODE = YES;
				CLANG_WARN__DUPLICATE_METHOD_MATCH = YES;
				COPY_PHASE_STRIP = NO;
				DEBUG_INFORMATION_FORMAT = dwarf;
				ENABLE_STRICT_OBJC_MSGSEND = YES;
				ENABLE_TESTABILITY = YES;
				GCC_C_LANGUAGE_STANDARD = gnu11;
				GCC_DYNAMIC_NO_PIC = NO;
				GCC_NO_COMMON_BLOCKS = YES;
				GCC_OPTIMIZATION_LEVEL = 0;
				GCC_PREPROCESSOR_DEFINITIONS = (
					"DEBUG=1",
					"$(inherited)",
				);
				GCC_WARN_64_TO_32_BIT_CONVERSION = YES;
				GCC_WARN_ABOUT_RETURN_TYPE = YES_ERROR;
				GCC_WARN_UNDECLARED_SELECTOR = YES;
				GCC_WARN_UNINITIALIZED_AUTOS = YES_AGGRESSIVE;
				GCC_WARN_UNUSED_FUNCTION = YES;
				GCC_WARN_UNUSED_VARIABLE = YES;
				IPHONEOS_DEPLOYMENT_TARGET = 13.6;
				MTL_ENABLE_DEBUG_INFO = INCLUDE_SOURCE;
				MTL_FAST_MATH = YES;
				ONLY_ACTIVE_ARCH = YES;
				SDKROOT = iphoneos;
				SWIFT_ACTIVE_COMPILATION_CONDITIONS = DEBUG;
				SWIFT_OPTIMIZATION_LEVEL = "-Onone";
			};
			name = Debug;
		};
		FA0F5A3724C9F06300CE21AC /* Release */ = {
			isa = XCBuildConfiguration;
			buildSettings = {
				ALWAYS_SEARCH_USER_PATHS = NO;
				CLANG_ANALYZER_NONNULL = YES;
				CLANG_ANALYZER_NUMBER_OBJECT_CONVERSION = YES_AGGRESSIVE;
				CLANG_CXX_LANGUAGE_STANDARD = "gnu++14";
				CLANG_CXX_LIBRARY = "libc++";
				CLANG_ENABLE_MODULES = YES;
				CLANG_ENABLE_OBJC_ARC = YES;
				CLANG_ENABLE_OBJC_WEAK = YES;
				CLANG_WARN_BLOCK_CAPTURE_AUTORELEASING = YES;
				CLANG_WARN_BOOL_CONVERSION = YES;
				CLANG_WARN_COMMA = YES;
				CLANG_WARN_CONSTANT_CONVERSION = YES;
				CLANG_WARN_DEPRECATED_OBJC_IMPLEMENTATIONS = YES;
				CLANG_WARN_DIRECT_OBJC_ISA_USAGE = YES_ERROR;
				CLANG_WARN_DOCUMENTATION_COMMENTS = YES;
				CLANG_WARN_EMPTY_BODY = YES;
				CLANG_WARN_ENUM_CONVERSION = YES;
				CLANG_WARN_INFINITE_RECURSION = YES;
				CLANG_WARN_INT_CONVERSION = YES;
				CLANG_WARN_NON_LITERAL_NULL_CONVERSION = YES;
				CLANG_WARN_OBJC_IMPLICIT_RETAIN_SELF = YES;
				CLANG_WARN_OBJC_LITERAL_CONVERSION = YES;
				CLANG_WARN_OBJC_ROOT_CLASS = YES_ERROR;
				CLANG_WARN_RANGE_LOOP_ANALYSIS = YES;
				CLANG_WARN_STRICT_PROTOTYPES = YES;
				CLANG_WARN_SUSPICIOUS_MOVE = YES;
				CLANG_WARN_UNGUARDED_AVAILABILITY = YES_AGGRESSIVE;
				CLANG_WARN_UNREACHABLE_CODE = YES;
				CLANG_WARN__DUPLICATE_METHOD_MATCH = YES;
				COPY_PHASE_STRIP = NO;
				DEBUG_INFORMATION_FORMAT = "dwarf-with-dsym";
				ENABLE_NS_ASSERTIONS = NO;
				ENABLE_STRICT_OBJC_MSGSEND = YES;
				GCC_C_LANGUAGE_STANDARD = gnu11;
				GCC_NO_COMMON_BLOCKS = YES;
				GCC_WARN_64_TO_32_BIT_CONVERSION = YES;
				GCC_WARN_ABOUT_RETURN_TYPE = YES_ERROR;
				GCC_WARN_UNDECLARED_SELECTOR = YES;
				GCC_WARN_UNINITIALIZED_AUTOS = YES_AGGRESSIVE;
				GCC_WARN_UNUSED_FUNCTION = YES;
				GCC_WARN_UNUSED_VARIABLE = YES;
				IPHONEOS_DEPLOYMENT_TARGET = 13.6;
				MTL_ENABLE_DEBUG_INFO = NO;
				MTL_FAST_MATH = YES;
				SDKROOT = iphoneos;
				SWIFT_COMPILATION_MODE = wholemodule;
				SWIFT_OPTIMIZATION_LEVEL = "-O";
				VALIDATE_PRODUCT = YES;
			};
			name = Release;
		};
		FA0F5A3924C9F06300CE21AC /* Debug */ = {
			isa = XCBuildConfiguration;
			buildSettings = {
				ASSETCATALOG_COMPILER_APPICON_NAME = AppIcon;
				CODE_SIGN_STYLE = Automatic;
				DEVELOPMENT_TEAM = YQ69KMC87V;
				INFOPLIST_FILE = "Unit and UI Testing/Info.plist";
				LD_RUNPATH_SEARCH_PATHS = (
					"$(inherited)",
					"@executable_path/Frameworks",
				);
				PRODUCT_BUNDLE_IDENTIFIER = "com.wilmarodriguez.Unit-and-UI-Testing";
				PRODUCT_NAME = "$(TARGET_NAME)";
				SWIFT_VERSION = 5.0;
				TARGETED_DEVICE_FAMILY = "1,2";
			};
			name = Debug;
		};
		FA0F5A3A24C9F06300CE21AC /* Release */ = {
			isa = XCBuildConfiguration;
			buildSettings = {
				ASSETCATALOG_COMPILER_APPICON_NAME = AppIcon;
				CODE_SIGN_STYLE = Automatic;
				DEVELOPMENT_TEAM = YQ69KMC87V;
				INFOPLIST_FILE = "Unit and UI Testing/Info.plist";
				LD_RUNPATH_SEARCH_PATHS = (
					"$(inherited)",
					"@executable_path/Frameworks",
				);
				PRODUCT_BUNDLE_IDENTIFIER = "com.wilmarodriguez.Unit-and-UI-Testing";
				PRODUCT_NAME = "$(TARGET_NAME)";
				SWIFT_VERSION = 5.0;
				TARGETED_DEVICE_FAMILY = "1,2";
			};
			name = Release;
		};
/* End XCBuildConfiguration section */

/* Begin XCConfigurationList section */
		FA0F5A1F24C9F06100CE21AC /* Build configuration list for PBXProject "Unit and UI Testing" */ = {
			isa = XCConfigurationList;
			buildConfigurations = (
				FA0F5A3624C9F06300CE21AC /* Debug */,
				FA0F5A3724C9F06300CE21AC /* Release */,
			);
			defaultConfigurationIsVisible = 0;
			defaultConfigurationName = Release;
		};
		FA0F5A3824C9F06300CE21AC /* Build configuration list for PBXNativeTarget "Unit and UI Testing" */ = {
			isa = XCConfigurationList;
			buildConfigurations = (
				FA0F5A3924C9F06300CE21AC /* Debug */,
				FA0F5A3A24C9F06300CE21AC /* Release */,
			);
			defaultConfigurationIsVisible = 0;
			defaultConfigurationName = Release;
		};
/* End XCConfigurationList section */
	};
	rootObject = FA0F5A1C24C9F06100CE21AC /* Project object */;
}
