// !$*UTF8*$!
{
	archiveVersion = 1;
	classes = {
	};
	objectVersion = 50;
	objects = {

/* Begin PBXBuildFile section */
		FAFF80D525BD2CD20013E2AA /* AppDelegate.swift in Sources */ = {isa = PBXBuildFile; fileRef = FAFF80D425BD2CD20013E2AA /* AppDelegate.swift */; };
		FAFF80D725BD2CD20013E2AA /* SceneDelegate.swift in Sources */ = {isa = PBXBuildFile; fileRef = FAFF80D625BD2CD20013E2AA /* SceneDelegate.swift */; };
		FAFF80DC25BD2CD20013E2AA /* Main.storyboard in Resources */ = {isa = PBXBuildFile; fileRef = FAFF80DA25BD2CD20013E2AA /* Main.storyboard */; };
		FAFF80DE25BD2CD50013E2AA /* Assets.xcassets in Resources */ = {isa = PBXBuildFile; fileRef = FAFF80DD25BD2CD50013E2AA /* Assets.xcassets */; };
		FAFF80E125BD2CD50013E2AA /* LaunchScreen.storyboard in Resources */ = {isa = PBXBuildFile; fileRef = FAFF80DF25BD2CD50013E2AA /* LaunchScreen.storyboard */; };
/* End PBXBuildFile section */

/* Begin PBXFileReference section */
		FAFF80D125BD2CD20013E2AA /* TableView Testing.app */ = {isa = PBXFileReference; explicitFileType = wrapper.application; includeInIndex = 0; path = "TableView Testing.app"; sourceTree = BUILT_PRODUCTS_DIR; };
		FAFF80D425BD2CD20013E2AA /* AppDelegate.swift */ = {isa = PBXFileReference; lastKnownFileType = sourcecode.swift; path = AppDelegate.swift; sourceTree = "<group>"; };
		FAFF80D625BD2CD20013E2AA /* SceneDelegate.swift */ = {isa = PBXFileReference; lastKnownFileType = sourcecode.swift; path = SceneDelegate.swift; sourceTree = "<group>"; };
		FAFF80DB25BD2CD20013E2AA /* Base */ = {isa = PBXFileReference; lastKnownFileType = file.storyboard; name = Base; path = Base.lproj/Main.storyboard; sourceTree = "<group>"; };
		FAFF80DD25BD2CD50013E2AA /* Assets.xcassets */ = {isa = PBXFileReference; lastKnownFileType = folder.assetcatalog; path = Assets.xcassets; sourceTree = "<group>"; };
		FAFF80E025BD2CD50013E2AA /* Base */ = {isa = PBXFileReference; lastKnownFileType = file.storyboard; name = Base; path = Base.lproj/LaunchScreen.storyboard; sourceTree = "<group>"; };
		FAFF80E225BD2CD50013E2AA /* Info.plist */ = {isa = PBXFileReference; lastKnownFileType = text.plist.xml; path = Info.plist; sourceTree = "<group>"; };
/* End PBXFileReference section */

/* Begin PBXFrameworksBuildPhase section */
		FAFF80CE25BD2CD20013E2AA /* Frameworks */ = {
			isa = PBXFrameworksBuildPhase;
			buildActionMask = 2147483647;
			files = (
			);
			runOnlyForDeploymentPostprocessing = 0;
		};
/* End PBXFrameworksBuildPhase section */

/* Begin PBXGroup section */
		FAFF80C825BD2CD20013E2AA = {
			isa = PBXGroup;
			children = (
				FAFF80EB25BD2CEA0013E2AA /* Storyboards */,
				FAFF80E925BD2CDA0013E2AA /* View Controllers */,
				FAFF80D325BD2CD20013E2AA /* TableView Testing */,
				FAFF80D225BD2CD20013E2AA /* Products */,
			);
			sourceTree = "<group>";
		};
		FAFF80D225BD2CD20013E2AA /* Products */ = {
			isa = PBXGroup;
			children = (
				FAFF80D125BD2CD20013E2AA /* TableView Testing.app */,
			);
			name = Products;
			sourceTree = "<group>";
		};
		FAFF80D325BD2CD20013E2AA /* TableView Testing */ = {
			isa = PBXGroup;
			children = (
				FAFF80D425BD2CD20013E2AA /* AppDelegate.swift */,
				FAFF80D625BD2CD20013E2AA /* SceneDelegate.swift */,
				FAFF80DD25BD2CD50013E2AA /* Assets.xcassets */,
				FAFF80E225BD2CD50013E2AA /* Info.plist */,
			);
			path = "TableView Testing";
			sourceTree = "<group>";
		};
		FAFF80E925BD2CDA0013E2AA /* View Controllers */ = {
			isa = PBXGroup;
			children = (
			);
			path = "View Controllers";
			sourceTree = "<group>";
		};
		FAFF80EB25BD2CEA0013E2AA /* Storyboards */ = {
			isa = PBXGroup;
			children = (
				FAFF80DA25BD2CD20013E2AA /* Main.storyboard */,
				FAFF80DF25BD2CD50013E2AA /* LaunchScreen.storyboard */,
			);
			path = Storyboards;
			sourceTree = "<group>";
		};
/* End PBXGroup section */

/* Begin PBXNativeTarget section */
		FAFF80D025BD2CD20013E2AA /* TableView Testing */ = {
			isa = PBXNativeTarget;
			buildConfigurationList = FAFF80E525BD2CD50013E2AA /* Build configuration list for PBXNativeTarget "TableView Testing" */;
			buildPhases = (
				FAFF80CD25BD2CD20013E2AA /* Sources */,
				FAFF80CE25BD2CD20013E2AA /* Frameworks */,
				FAFF80CF25BD2CD20013E2AA /* Resources */,
			);
			buildRules = (
			);
			dependencies = (
			);
			name = "TableView Testing";
			productName = "TableView Testing";
			productReference = FAFF80D125BD2CD20013E2AA /* TableView Testing.app */;
			productType = "com.apple.product-type.application";
		};
/* End PBXNativeTarget section */

/* Begin PBXProject section */
		FAFF80C925BD2CD20013E2AA /* Project object */ = {
			isa = PBXProject;
			attributes = {
				LastSwiftUpdateCheck = 1230;
				LastUpgradeCheck = 1230;
				TargetAttributes = {
					FAFF80D025BD2CD20013E2AA = {
						CreatedOnToolsVersion = 12.3;
					};
				};
			};
			buildConfigurationList = FAFF80CC25BD2CD20013E2AA /* Build configuration list for PBXProject "TableView Testing" */;
			compatibilityVersion = "Xcode 9.3";
			developmentRegion = en;
			hasScannedForEncodings = 0;
			knownRegions = (
				en,
				Base,
			);
			mainGroup = FAFF80C825BD2CD20013E2AA;
			productRefGroup = FAFF80D225BD2CD20013E2AA /* Products */;
			projectDirPath = "";
			projectRoot = "";
			targets = (
				FAFF80D025BD2CD20013E2AA /* TableView Testing */,
			);
		};
/* End PBXProject section */

/* Begin PBXResourcesBuildPhase section */
		FAFF80CF25BD2CD20013E2AA /* Resources */ = {
			isa = PBXResourcesBuildPhase;
			buildActionMask = 2147483647;
			files = (
				FAFF80E125BD2CD50013E2AA /* LaunchScreen.storyboard in Resources */,
				FAFF80DE25BD2CD50013E2AA /* Assets.xcassets in Resources */,
				FAFF80DC25BD2CD20013E2AA /* Main.storyboard in Resources */,
			);
			runOnlyForDeploymentPostprocessing = 0;
		};
/* End PBXResourcesBuildPhase section */

/* Begin PBXSourcesBuildPhase section */
		FAFF80CD25BD2CD20013E2AA /* Sources */ = {
			isa = PBXSourcesBuildPhase;
			buildActionMask = 2147483647;
			files = (
				FAFF80D525BD2CD20013E2AA /* AppDelegate.swift in Sources */,
				FAFF80D725BD2CD20013E2AA /* SceneDelegate.swift in Sources */,
			);
			runOnlyForDeploymentPostprocessing = 0;
		};
/* End PBXSourcesBuildPhase section */

/* Begin PBXVariantGroup section */
		FAFF80DA25BD2CD20013E2AA /* Main.storyboard */ = {
			isa = PBXVariantGroup;
			children = (
				FAFF80DB25BD2CD20013E2AA /* Base */,
			);
			name = Main.storyboard;
			sourceTree = "<group>";
		};
		FAFF80DF25BD2CD50013E2AA /* LaunchScreen.storyboard */ = {
			isa = PBXVariantGroup;
			children = (
				FAFF80E025BD2CD50013E2AA /* Base */,
			);
			name = LaunchScreen.storyboard;
			sourceTree = "<group>";
		};
/* End PBXVariantGroup section */

/* Begin XCBuildConfiguration section */
		FAFF80E325BD2CD50013E2AA /* Debug */ = {
			isa = XCBuildConfiguration;
			buildSettings = {
				ALWAYS_SEARCH_USER_PATHS = NO;
				CLANG_ANALYZER_NONNULL = YES;
				CLANG_ANALYZER_NUMBER_OBJECT_CONVERSION = YES_AGGRESSIVE;
				CLANG_CXX_LANGUAGE_STANDARD = "gnu++14";
				CLANG_CXX_LIBRARY = "libc++";
				CLANG_ENABLE_MODULES = YES;
				CLANG_ENABLE_OBJC_ARC = YES;
				CLANG_ENABLE_OBJC_WEAK = YES;
				CLANG_WARN_BLOCK_CAPTURE_AUTORELEASING = YES;
				CLANG_WARN_BOOL_CONVERSION = YES;
				CLANG_WARN_COMMA = YES;
				CLANG_WARN_CONSTANT_CONVERSION = YES;
				CLANG_WARN_DEPRECATED_OBJC_IMPLEMENTATIONS = YES;
				CLANG_WARN_DIRECT_OBJC_ISA_USAGE = YES_ERROR;
				CLANG_WARN_DOCUMENTATION_COMMENTS = YES;
				CLANG_WARN_EMPTY_BODY = YES;
				CLANG_WARN_ENUM_CONVERSION = YES;
				CLANG_WARN_INFINITE_RECURSION = YES;
				CLANG_WARN_INT_CONVERSION = YES;
				CLANG_WARN_NON_LITERAL_NULL_CONVERSION = YES;
				CLANG_WARN_OBJC_IMPLICIT_RETAIN_SELF = YES;
				CLANG_WARN_OBJC_LITERAL_CONVERSION = YES;
				CLANG_WARN_OBJC_ROOT_CLASS = YES_ERROR;
				CLANG_WARN_QUOTED_INCLUDE_IN_FRAMEWORK_HEADER = YES;
				CLANG_WARN_RANGE_LOOP_ANALYSIS = YES;
				CLANG_WARN_STRICT_PROTOTYPES = YES;
				CLANG_WARN_SUSPICIOUS_MOVE = YES;
				CLANG_WARN_UNGUARDED_AVAILABILITY = YES_AGGRESSIVE;
				CLANG_WARN_UNREACHABLE_CODE = YES;
				CLANG_WARN__DUPLICATE_METHOD_MATCH = YES;
				COPY_PHASE_STRIP = NO;
				DEBUG_INFORMATION_FORMAT = dwarf;
				ENABLE_STRICT_OBJC_MSGSEND = YES;
				ENABLE_TESTABILITY = YES;
				GCC_C_LANGUAGE_STANDARD = gnu11;
				GCC_DYNAMIC_NO_PIC = NO;
				GCC_NO_COMMON_BLOCKS = YES;
				GCC_OPTIMIZATION_LEVEL = 0;
				GCC_PREPROCESSOR_DEFINITIONS = (
					"DEBUG=1",
					"$(inherited)",
				);
				GCC_WARN_64_TO_32_BIT_CONVERSION = YES;
				GCC_WARN_ABOUT_RETURN_TYPE = YES_ERROR;
				GCC_WARN_UNDECLARED_SELECTOR = YES;
				GCC_WARN_UNINITIALIZED_AUTOS = YES_AGGRESSIVE;
				GCC_WARN_UNUSED_FUNCTION = YES;
				GCC_WARN_UNUSED_VARIABLE = YES;
				IPHONEOS_DEPLOYMENT_TARGET = 14.3;
				MTL_ENABLE_DEBUG_INFO = INCLUDE_SOURCE;
				MTL_FAST_MATH = YES;
				ONLY_ACTIVE_ARCH = YES;
				SDKROOT = iphoneos;
				SWIFT_ACTIVE_COMPILATION_CONDITIONS = DEBUG;
				SWIFT_OPTIMIZATION_LEVEL = "-Onone";
			};
			name = Debug;
		};
		FAFF80E425BD2CD50013E2AA /* Release */ = {
			isa = XCBuildConfiguration;
			buildSettings = {
				ALWAYS_SEARCH_USER_PATHS = NO;
				CLANG_ANALYZER_NONNULL = YES;
				CLANG_ANALYZER_NUMBER_OBJECT_CONVERSION = YES_AGGRESSIVE;
				CLANG_CXX_LANGUAGE_STANDARD = "gnu++14";
				CLANG_CXX_LIBRARY = "libc++";
				CLANG_ENABLE_MODULES = YES;
				CLANG_ENABLE_OBJC_ARC = YES;
				CLANG_ENABLE_OBJC_WEAK = YES;
				CLANG_WARN_BLOCK_CAPTURE_AUTORELEASING = YES;
				CLANG_WARN_BOOL_CONVERSION = YES;
				CLANG_WARN_COMMA = YES;
				CLANG_WARN_CONSTANT_CONVERSION = YES;
				CLANG_WARN_DEPRECATED_OBJC_IMPLEMENTATIONS = YES;
				CLANG_WARN_DIRECT_OBJC_ISA_USAGE = YES_ERROR;
				CLANG_WARN_DOCUMENTATION_COMMENTS = YES;
				CLANG_WARN_EMPTY_BODY = YES;
				CLANG_WARN_ENUM_CONVERSION = YES;
				CLANG_WARN_INFINITE_RECURSION = YES;
				CLANG_WARN_INT_CONVERSION = YES;
				CLANG_WARN_NON_LITERAL_NULL_CONVERSION = YES;
				CLANG_WARN_OBJC_IMPLICIT_RETAIN_SELF = YES;
				CLANG_WARN_OBJC_LITERAL_CONVERSION = YES;
				CLANG_WARN_OBJC_ROOT_CLASS = YES_ERROR;
				CLANG_WARN_QUOTED_INCLUDE_IN_FRAMEWORK_HEADER = YES;
				CLANG_WARN_RANGE_LOOP_ANALYSIS = YES;
				CLANG_WARN_STRICT_PROTOTYPES = YES;
				CLANG_WARN_SUSPICIOUS_MOVE = YES;
				CLANG_WARN_UNGUARDED_AVAILABILITY = YES_AGGRESSIVE;
				CLANG_WARN_UNREACHABLE_CODE = YES;
				CLANG_WARN__DUPLICATE_METHOD_MATCH = YES;
				COPY_PHASE_STRIP = NO;
				DEBUG_INFORMATION_FORMAT = "dwarf-with-dsym";
				ENABLE_NS_ASSERTIONS = NO;
				ENABLE_STRICT_OBJC_MSGSEND = YES;
				GCC_C_LANGUAGE_STANDARD = gnu11;
				GCC_NO_COMMON_BLOCKS = YES;
				GCC_WARN_64_TO_32_BIT_CONVERSION = YES;
				GCC_WARN_ABOUT_RETURN_TYPE = YES_ERROR;
				GCC_WARN_UNDECLARED_SELECTOR = YES;
				GCC_WARN_UNINITIALIZED_AUTOS = YES_AGGRESSIVE;
				GCC_WARN_UNUSED_FUNCTION = YES;
				GCC_WARN_UNUSED_VARIABLE = YES;
				IPHONEOS_DEPLOYMENT_TARGET = 14.3;
				MTL_ENABLE_DEBUG_INFO = NO;
				MTL_FAST_MATH = YES;
				SDKROOT = iphoneos;
				SWIFT_COMPILATION_MODE = wholemodule;
				SWIFT_OPTIMIZATION_LEVEL = "-O";
				VALIDATE_PRODUCT = YES;
			};
			name = Release;
		};
		FAFF80E625BD2CD50013E2AA /* Debug */ = {
			isa = XCBuildConfiguration;
			buildSettings = {
				ASSETCATALOG_COMPILER_APPICON_NAME = AppIcon;
				ASSETCATALOG_COMPILER_GLOBAL_ACCENT_COLOR_NAME = AccentColor;
				CODE_SIGN_STYLE = Automatic;
				DEVELOPMENT_TEAM = YQ69KMC87V;
				INFOPLIST_FILE = "TableView Testing/Info.plist";
				LD_RUNPATH_SEARCH_PATHS = (
					"$(inherited)",
					"@executable_path/Frameworks",
				);
				PRODUCT_BUNDLE_IDENTIFIER = "com.wilmarodriguez.TableView-Testing";
				PRODUCT_NAME = "$(TARGET_NAME)";
				SWIFT_VERSION = 5.0;
				TARGETED_DEVICE_FAMILY = "1,2";
			};
			name = Debug;
		};
		FAFF80E725BD2CD50013E2AA /* Release */ = {
			isa = XCBuildConfiguration;
			buildSettings = {
				ASSETCATALOG_COMPILER_APPICON_NAME = AppIcon;
				ASSETCATALOG_COMPILER_GLOBAL_ACCENT_COLOR_NAME = AccentColor;
				CODE_SIGN_STYLE = Automatic;
				DEVELOPMENT_TEAM = YQ69KMC87V;
				INFOPLIST_FILE = "TableView Testing/Info.plist";
				LD_RUNPATH_SEARCH_PATHS = (
					"$(inherited)",
					"@executable_path/Frameworks",
				);
				PRODUCT_BUNDLE_IDENTIFIER = "com.wilmarodriguez.TableView-Testing";
				PRODUCT_NAME = "$(TARGET_NAME)";
				SWIFT_VERSION = 5.0;
				TARGETED_DEVICE_FAMILY = "1,2";
			};
			name = Release;
		};
/* End XCBuildConfiguration section */

/* Begin XCConfigurationList section */
		FAFF80CC25BD2CD20013E2AA /* Build configuration list for PBXProject "TableView Testing" */ = {
			isa = XCConfigurationList;
			buildConfigurations = (
				FAFF80E325BD2CD50013E2AA /* Debug */,
				FAFF80E425BD2CD50013E2AA /* Release */,
			);
			defaultConfigurationIsVisible = 0;
			defaultConfigurationName = Release;
		};
		FAFF80E525BD2CD50013E2AA /* Build configuration list for PBXNativeTarget "TableView Testing" */ = {
			isa = XCConfigurationList;
			buildConfigurations = (
				FAFF80E625BD2CD50013E2AA /* Debug */,
				FAFF80E725BD2CD50013E2AA /* Release */,
			);
			defaultConfigurationIsVisible = 0;
			defaultConfigurationName = Release;
		};
/* End XCConfigurationList section */
	};
	rootObject = FAFF80C925BD2CD20013E2AA /* Project object */;
}
