// !$*UTF8*$!
{
	archiveVersion = 1;
	classes = {
	};
	objectVersion = 50;
	objects = {

/* Begin PBXBuildFile section */
		FA776ABA253A0A9500ACA4DD /* ZStackTesting.swift in Sources */ = {isa = PBXBuildFile; fileRef = FA776AB9253A0A9500ACA4DD /* ZStackTesting.swift */; };
		FAEFF60F2539FAF900D7F940 /* AppDelegate.swift in Sources */ = {isa = PBXBuildFile; fileRef = FAEFF60E2539FAF900D7F940 /* AppDelegate.swift */; };
		FAEFF6112539FAF900D7F940 /* SceneDelegate.swift in Sources */ = {isa = PBXBuildFile; fileRef = FAEFF6102539FAF900D7F940 /* SceneDelegate.swift */; };
		FAEFF6132539FAF900D7F940 /* ContentView.swift in Sources */ = {isa = PBXBuildFile; fileRef = FAEFF6122539FAF900D7F940 /* ContentView.swift */; };
		FAEFF6152539FAFC00D7F940 /* Assets.xcassets in Resources */ = {isa = PBXBuildFile; fileRef = FAEFF6142539FAFC00D7F940 /* Assets.xcassets */; };
		FAEFF6182539FAFC00D7F940 /* Preview Assets.xcassets in Resources */ = {isa = PBXBuildFile; fileRef = FAEFF6172539FAFC00D7F940 /* Preview Assets.xcassets */; };
		FAEFF61B2539FAFC00D7F940 /* LaunchScreen.storyboard in Resources */ = {isa = PBXBuildFile; fileRef = FAEFF6192539FAFC00D7F940 /* LaunchScreen.storyboard */; };
/* End PBXBuildFile section */

/* Begin PBXFileReference section */
		FA776AB9253A0A9500ACA4DD /* ZStackTesting.swift */ = {isa = PBXFileReference; lastKnownFileType = sourcecode.swift; path = ZStackTesting.swift; sourceTree = "<group>"; };
		FAEFF60B2539FAF900D7F940 /* SwiftUI with Chris.app */ = {isa = PBXFileReference; explicitFileType = wrapper.application; includeInIndex = 0; path = "SwiftUI with Chris.app"; sourceTree = BUILT_PRODUCTS_DIR; };
		FAEFF60E2539FAF900D7F940 /* AppDelegate.swift */ = {isa = PBXFileReference; lastKnownFileType = sourcecode.swift; path = AppDelegate.swift; sourceTree = "<group>"; };
		FAEFF6102539FAF900D7F940 /* SceneDelegate.swift */ = {isa = PBXFileReference; lastKnownFileType = sourcecode.swift; path = SceneDelegate.swift; sourceTree = "<group>"; };
		FAEFF6122539FAF900D7F940 /* ContentView.swift */ = {isa = PBXFileReference; lastKnownFileType = sourcecode.swift; path = ContentView.swift; sourceTree = "<group>"; };
		FAEFF6142539FAFC00D7F940 /* Assets.xcassets */ = {isa = PBXFileReference; lastKnownFileType = folder.assetcatalog; path = Assets.xcassets; sourceTree = "<group>"; };
		FAEFF6172539FAFC00D7F940 /* Preview Assets.xcassets */ = {isa = PBXFileReference; lastKnownFileType = folder.assetcatalog; path = "Preview Assets.xcassets"; sourceTree = "<group>"; };
		FAEFF61A2539FAFC00D7F940 /* Base */ = {isa = PBXFileReference; lastKnownFileType = file.storyboard; name = Base; path = Base.lproj/LaunchScreen.storyboard; sourceTree = "<group>"; };
		FAEFF61C2539FAFC00D7F940 /* Info.plist */ = {isa = PBXFileReference; lastKnownFileType = text.plist.xml; path = Info.plist; sourceTree = "<group>"; };
/* End PBXFileReference section */

/* Begin PBXFrameworksBuildPhase section */
		FAEFF6082539FAF900D7F940 /* Frameworks */ = {
			isa = PBXFrameworksBuildPhase;
			buildActionMask = 2147483647;
			files = (
			);
			runOnlyForDeploymentPostprocessing = 0;
		};
/* End PBXFrameworksBuildPhase section */

/* Begin PBXGroup section */
		FAEFF6022539FAF900D7F940 = {
			isa = PBXGroup;
			children = (
				FAEFF6232539FB4D00D7F940 /* Content Views */,
				FAEFF60D2539FAF900D7F940 /* SwiftUI with Chris */,
				FAEFF60C2539FAF900D7F940 /* Products */,
			);
			sourceTree = "<group>";
		};
		FAEFF60C2539FAF900D7F940 /* Products */ = {
			isa = PBXGroup;
			children = (
				FAEFF60B2539FAF900D7F940 /* SwiftUI with Chris.app */,
			);
			name = Products;
			sourceTree = "<group>";
		};
		FAEFF60D2539FAF900D7F940 /* SwiftUI with Chris */ = {
			isa = PBXGroup;
			children = (
				FAEFF60E2539FAF900D7F940 /* AppDelegate.swift */,
				FAEFF6102539FAF900D7F940 /* SceneDelegate.swift */,
				FAEFF6142539FAFC00D7F940 /* Assets.xcassets */,
				FAEFF6192539FAFC00D7F940 /* LaunchScreen.storyboard */,
				FAEFF61C2539FAFC00D7F940 /* Info.plist */,
				FAEFF6162539FAFC00D7F940 /* Preview Content */,
			);
			path = "SwiftUI with Chris";
			sourceTree = "<group>";
		};
		FAEFF6162539FAFC00D7F940 /* Preview Content */ = {
			isa = PBXGroup;
			children = (
				FAEFF6172539FAFC00D7F940 /* Preview Assets.xcassets */,
			);
			path = "Preview Content";
			sourceTree = "<group>";
		};
		FAEFF6232539FB4D00D7F940 /* Content Views */ = {
			isa = PBXGroup;
			children = (
				FAEFF6122539FAF900D7F940 /* ContentView.swift */,
				FA776AB9253A0A9500ACA4DD /* ZStackTesting.swift */,
			);
			path = "Content Views";
			sourceTree = "<group>";
		};
/* End PBXGroup section */

/* Begin PBXNativeTarget section */
		FAEFF60A2539FAF900D7F940 /* SwiftUI with Chris */ = {
			isa = PBXNativeTarget;
			buildConfigurationList = FAEFF61F2539FAFC00D7F940 /* Build configuration list for PBXNativeTarget "SwiftUI with Chris" */;
			buildPhases = (
				FAEFF6072539FAF900D7F940 /* Sources */,
				FAEFF6082539FAF900D7F940 /* Frameworks */,
				FAEFF6092539FAF900D7F940 /* Resources */,
			);
			buildRules = (
			);
			dependencies = (
			);
			name = "SwiftUI with Chris";
			productName = "SwiftUI with Chris";
			productReference = FAEFF60B2539FAF900D7F940 /* SwiftUI with Chris.app */;
			productType = "com.apple.product-type.application";
		};
/* End PBXNativeTarget section */

/* Begin PBXProject section */
		FAEFF6032539FAF900D7F940 /* Project object */ = {
			isa = PBXProject;
			attributes = {
				LastSwiftUpdateCheck = 1200;
				LastUpgradeCheck = 1200;
				TargetAttributes = {
					FAEFF60A2539FAF900D7F940 = {
						CreatedOnToolsVersion = 12.0.1;
					};
				};
			};
			buildConfigurationList = FAEFF6062539FAF900D7F940 /* Build configuration list for PBXProject "SwiftUI with Chris" */;
			compatibilityVersion = "Xcode 9.3";
			developmentRegion = en;
			hasScannedForEncodings = 0;
			knownRegions = (
				en,
				Base,
			);
			mainGroup = FAEFF6022539FAF900D7F940;
			productRefGroup = FAEFF60C2539FAF900D7F940 /* Products */;
			projectDirPath = "";
			projectRoot = "";
			targets = (
				FAEFF60A2539FAF900D7F940 /* SwiftUI with Chris */,
			);
		};
/* End PBXProject section */

/* Begin PBXResourcesBuildPhase section */
		FAEFF6092539FAF900D7F940 /* Resources */ = {
			isa = PBXResourcesBuildPhase;
			buildActionMask = 2147483647;
			files = (
				FAEFF61B2539FAFC00D7F940 /* LaunchScreen.storyboard in Resources */,
				FAEFF6182539FAFC00D7F940 /* Preview Assets.xcassets in Resources */,
				FAEFF6152539FAFC00D7F940 /* Assets.xcassets in Resources */,
			);
			runOnlyForDeploymentPostprocessing = 0;
		};
/* End PBXResourcesBuildPhase section */

/* Begin PBXSourcesBuildPhase section */
		FAEFF6072539FAF900D7F940 /* Sources */ = {
			isa = PBXSourcesBuildPhase;
			buildActionMask = 2147483647;
			files = (
				FA776ABA253A0A9500ACA4DD /* ZStackTesting.swift in Sources */,
				FAEFF60F2539FAF900D7F940 /* AppDelegate.swift in Sources */,
				FAEFF6112539FAF900D7F940 /* SceneDelegate.swift in Sources */,
				FAEFF6132539FAF900D7F940 /* ContentView.swift in Sources */,
			);
			runOnlyForDeploymentPostprocessing = 0;
		};
/* End PBXSourcesBuildPhase section */

/* Begin PBXVariantGroup section */
		FAEFF6192539FAFC00D7F940 /* LaunchScreen.storyboard */ = {
			isa = PBXVariantGroup;
			children = (
				FAEFF61A2539FAFC00D7F940 /* Base */,
			);
			name = LaunchScreen.storyboard;
			sourceTree = "<group>";
		};
/* End PBXVariantGroup section */

/* Begin XCBuildConfiguration section */
		FAEFF61D2539FAFC00D7F940 /* Debug */ = {
			isa = XCBuildConfiguration;
			buildSettings = {
				ALWAYS_SEARCH_USER_PATHS = NO;
				CLANG_ANALYZER_NONNULL = YES;
				CLANG_ANALYZER_NUMBER_OBJECT_CONVERSION = YES_AGGRESSIVE;
				CLANG_CXX_LANGUAGE_STANDARD = "gnu++14";
				CLANG_CXX_LIBRARY = "libc++";
				CLANG_ENABLE_MODULES = YES;
				CLANG_ENABLE_OBJC_ARC = YES;
				CLANG_ENABLE_OBJC_WEAK = YES;
				CLANG_WARN_BLOCK_CAPTURE_AUTORELEASING = YES;
				CLANG_WARN_BOOL_CONVERSION = YES;
				CLANG_WARN_COMMA = YES;
				CLANG_WARN_CONSTANT_CONVERSION = YES;
				CLANG_WARN_DEPRECATED_OBJC_IMPLEMENTATIONS = YES;
				CLANG_WARN_DIRECT_OBJC_ISA_USAGE = YES_ERROR;
				CLANG_WARN_DOCUMENTATION_COMMENTS = YES;
				CLANG_WARN_EMPTY_BODY = YES;
				CLANG_WARN_ENUM_CONVERSION = YES;
				CLANG_WARN_INFINITE_RECURSION = YES;
				CLANG_WARN_INT_CONVERSION = YES;
				CLANG_WARN_NON_LITERAL_NULL_CONVERSION = YES;
				CLANG_WARN_OBJC_IMPLICIT_RETAIN_SELF = YES;
				CLANG_WARN_OBJC_LITERAL_CONVERSION = YES;
				CLANG_WARN_OBJC_ROOT_CLASS = YES_ERROR;
				CLANG_WARN_QUOTED_INCLUDE_IN_FRAMEWORK_HEADER = YES;
				CLANG_WARN_RANGE_LOOP_ANALYSIS = YES;
				CLANG_WARN_STRICT_PROTOTYPES = YES;
				CLANG_WARN_SUSPICIOUS_MOVE = YES;
				CLANG_WARN_UNGUARDED_AVAILABILITY = YES_AGGRESSIVE;
				CLANG_WARN_UNREACHABLE_CODE = YES;
				CLANG_WARN__DUPLICATE_METHOD_MATCH = YES;
				COPY_PHASE_STRIP = NO;
				DEBUG_INFORMATION_FORMAT = dwarf;
				ENABLE_STRICT_OBJC_MSGSEND = YES;
				ENABLE_TESTABILITY = YES;
				GCC_C_LANGUAGE_STANDARD = gnu11;
				GCC_DYNAMIC_NO_PIC = NO;
				GCC_NO_COMMON_BLOCKS = YES;
				GCC_OPTIMIZATION_LEVEL = 0;
				GCC_PREPROCESSOR_DEFINITIONS = (
					"DEBUG=1",
					"$(inherited)",
				);
				GCC_WARN_64_TO_32_BIT_CONVERSION = YES;
				GCC_WARN_ABOUT_RETURN_TYPE = YES_ERROR;
				GCC_WARN_UNDECLARED_SELECTOR = YES;
				GCC_WARN_UNINITIALIZED_AUTOS = YES_AGGRESSIVE;
				GCC_WARN_UNUSED_FUNCTION = YES;
				GCC_WARN_UNUSED_VARIABLE = YES;
				IPHONEOS_DEPLOYMENT_TARGET = 14.0;
				MTL_ENABLE_DEBUG_INFO = INCLUDE_SOURCE;
				MTL_FAST_MATH = YES;
				ONLY_ACTIVE_ARCH = YES;
				SDKROOT = iphoneos;
				SWIFT_ACTIVE_COMPILATION_CONDITIONS = DEBUG;
				SWIFT_OPTIMIZATION_LEVEL = "-Onone";
			};
			name = Debug;
		};
		FAEFF61E2539FAFC00D7F940 /* Release */ = {
			isa = XCBuildConfiguration;
			buildSettings = {
				ALWAYS_SEARCH_USER_PATHS = NO;
				CLANG_ANALYZER_NONNULL = YES;
				CLANG_ANALYZER_NUMBER_OBJECT_CONVERSION = YES_AGGRESSIVE;
				CLANG_CXX_LANGUAGE_STANDARD = "gnu++14";
				CLANG_CXX_LIBRARY = "libc++";
				CLANG_ENABLE_MODULES = YES;
				CLANG_ENABLE_OBJC_ARC = YES;
				CLANG_ENABLE_OBJC_WEAK = YES;
				CLANG_WARN_BLOCK_CAPTURE_AUTORELEASING = YES;
				CLANG_WARN_BOOL_CONVERSION = YES;
				CLANG_WARN_COMMA = YES;
				CLANG_WARN_CONSTANT_CONVERSION = YES;
				CLANG_WARN_DEPRECATED_OBJC_IMPLEMENTATIONS = YES;
				CLANG_WARN_DIRECT_OBJC_ISA_USAGE = YES_ERROR;
				CLANG_WARN_DOCUMENTATION_COMMENTS = YES;
				CLANG_WARN_EMPTY_BODY = YES;
				CLANG_WARN_ENUM_CONVERSION = YES;
				CLANG_WARN_INFINITE_RECURSION = YES;
				CLANG_WARN_INT_CONVERSION = YES;
				CLANG_WARN_NON_LITERAL_NULL_CONVERSION = YES;
				CLANG_WARN_OBJC_IMPLICIT_RETAIN_SELF = YES;
				CLANG_WARN_OBJC_LITERAL_CONVERSION = YES;
				CLANG_WARN_OBJC_ROOT_CLASS = YES_ERROR;
				CLANG_WARN_QUOTED_INCLUDE_IN_FRAMEWORK_HEADER = YES;
				CLANG_WARN_RANGE_LOOP_ANALYSIS = YES;
				CLANG_WARN_STRICT_PROTOTYPES = YES;
				CLANG_WARN_SUSPICIOUS_MOVE = YES;
				CLANG_WARN_UNGUARDED_AVAILABILITY = YES_AGGRESSIVE;
				CLANG_WARN_UNREACHABLE_CODE = YES;
				CLANG_WARN__DUPLICATE_METHOD_MATCH = YES;
				COPY_PHASE_STRIP = NO;
				DEBUG_INFORMATION_FORMAT = "dwarf-with-dsym";
				ENABLE_NS_ASSERTIONS = NO;
				ENABLE_STRICT_OBJC_MSGSEND = YES;
				GCC_C_LANGUAGE_STANDARD = gnu11;
				GCC_NO_COMMON_BLOCKS = YES;
				GCC_WARN_64_TO_32_BIT_CONVERSION = YES;
				GCC_WARN_ABOUT_RETURN_TYPE = YES_ERROR;
				GCC_WARN_UNDECLARED_SELECTOR = YES;
				GCC_WARN_UNINITIALIZED_AUTOS = YES_AGGRESSIVE;
				GCC_WARN_UNUSED_FUNCTION = YES;
				GCC_WARN_UNUSED_VARIABLE = YES;
				IPHONEOS_DEPLOYMENT_TARGET = 14.0;
				MTL_ENABLE_DEBUG_INFO = NO;
				MTL_FAST_MATH = YES;
				SDKROOT = iphoneos;
				SWIFT_COMPILATION_MODE = wholemodule;
				SWIFT_OPTIMIZATION_LEVEL = "-O";
				VALIDATE_PRODUCT = YES;
			};
			name = Release;
		};
		FAEFF6202539FAFC00D7F940 /* Debug */ = {
			isa = XCBuildConfiguration;
			buildSettings = {
				ASSETCATALOG_COMPILER_APPICON_NAME = AppIcon;
				ASSETCATALOG_COMPILER_GLOBAL_ACCENT_COLOR_NAME = AccentColor;
				CODE_SIGN_STYLE = Automatic;
				DEVELOPMENT_ASSET_PATHS = "\"SwiftUI with Chris/Preview Content\"";
				DEVELOPMENT_TEAM = YQ69KMC87V;
				ENABLE_PREVIEWS = YES;
				INFOPLIST_FILE = "SwiftUI with Chris/Info.plist";
				LD_RUNPATH_SEARCH_PATHS = (
					"$(inherited)",
					"@executable_path/Frameworks",
				);
				PRODUCT_BUNDLE_IDENTIFIER = "com.wilmarodriguez.SwiftUI-with-Chris";
				PRODUCT_NAME = "$(TARGET_NAME)";
				SWIFT_VERSION = 5.0;
				TARGETED_DEVICE_FAMILY = "1,2";
			};
			name = Debug;
		};
		FAEFF6212539FAFC00D7F940 /* Release */ = {
			isa = XCBuildConfiguration;
			buildSettings = {
				ASSETCATALOG_COMPILER_APPICON_NAME = AppIcon;
				ASSETCATALOG_COMPILER_GLOBAL_ACCENT_COLOR_NAME = AccentColor;
				CODE_SIGN_STYLE = Automatic;
				DEVELOPMENT_ASSET_PATHS = "\"SwiftUI with Chris/Preview Content\"";
				DEVELOPMENT_TEAM = YQ69KMC87V;
				ENABLE_PREVIEWS = YES;
				INFOPLIST_FILE = "SwiftUI with Chris/Info.plist";
				LD_RUNPATH_SEARCH_PATHS = (
					"$(inherited)",
					"@executable_path/Frameworks",
				);
				PRODUCT_BUNDLE_IDENTIFIER = "com.wilmarodriguez.SwiftUI-with-Chris";
				PRODUCT_NAME = "$(TARGET_NAME)";
				SWIFT_VERSION = 5.0;
				TARGETED_DEVICE_FAMILY = "1,2";
			};
			name = Release;
		};
/* End XCBuildConfiguration section */

/* Begin XCConfigurationList section */
		FAEFF6062539FAF900D7F940 /* Build configuration list for PBXProject "SwiftUI with Chris" */ = {
			isa = XCConfigurationList;
			buildConfigurations = (
				FAEFF61D2539FAFC00D7F940 /* Debug */,
				FAEFF61E2539FAFC00D7F940 /* Release */,
			);
			defaultConfigurationIsVisible = 0;
			defaultConfigurationName = Release;
		};
		FAEFF61F2539FAFC00D7F940 /* Build configuration list for PBXNativeTarget "SwiftUI with Chris" */ = {
			isa = XCConfigurationList;
			buildConfigurations = (
				FAEFF6202539FAFC00D7F940 /* Debug */,
				FAEFF6212539FAFC00D7F940 /* Release */,
			);
			defaultConfigurationIsVisible = 0;
			defaultConfigurationName = Release;
		};
/* End XCConfigurationList section */
	};
	rootObject = FAEFF6032539FAF900D7F940 /* Project object */;
}
