// !$*UTF8*$!
{
	archiveVersion = 1;
	classes = {
	};
	objectVersion = 50;
	objects = {

/* Begin PBXBuildFile section */
		FA8E2F3B250EC138009D2A89 /* AppDelegate.swift in Sources */ = {isa = PBXBuildFile; fileRef = FA8E2F3A250EC138009D2A89 /* AppDelegate.swift */; };
		FA8E2F3D250EC138009D2A89 /* SceneDelegate.swift in Sources */ = {isa = PBXBuildFile; fileRef = FA8E2F3C250EC138009D2A89 /* SceneDelegate.swift */; };
		FA8E2F42250EC138009D2A89 /* Main.storyboard in Resources */ = {isa = PBXBuildFile; fileRef = FA8E2F40250EC138009D2A89 /* Main.storyboard */; };
		FA8E2F44250EC13D009D2A89 /* Assets.xcassets in Resources */ = {isa = PBXBuildFile; fileRef = FA8E2F43250EC13D009D2A89 /* Assets.xcassets */; };
		FA8E2F47250EC13D009D2A89 /* LaunchScreen.storyboard in Resources */ = {isa = PBXBuildFile; fileRef = FA8E2F45250EC13D009D2A89 /* LaunchScreen.storyboard */; };
		FA8E2F51250EC198009D2A89 /* FirstViewController.swift in Sources */ = {isa = PBXBuildFile; fileRef = FA8E2F50250EC198009D2A89 /* FirstViewController.swift */; };
		FA8E2F54250EC331009D2A89 /* UIColor+Extension.swift in Sources */ = {isa = PBXBuildFile; fileRef = FA8E2F53250EC331009D2A89 /* UIColor+Extension.swift */; };
/* End PBXBuildFile section */

/* Begin PBXFileReference section */
		FA8E2F37250EC138009D2A89 /* Timer Testing.app */ = {isa = PBXFileReference; explicitFileType = wrapper.application; includeInIndex = 0; path = "Timer Testing.app"; sourceTree = BUILT_PRODUCTS_DIR; };
		FA8E2F3A250EC138009D2A89 /* AppDelegate.swift */ = {isa = PBXFileReference; lastKnownFileType = sourcecode.swift; path = AppDelegate.swift; sourceTree = "<group>"; };
		FA8E2F3C250EC138009D2A89 /* SceneDelegate.swift */ = {isa = PBXFileReference; lastKnownFileType = sourcecode.swift; path = SceneDelegate.swift; sourceTree = "<group>"; };
		FA8E2F41250EC138009D2A89 /* Base */ = {isa = PBXFileReference; lastKnownFileType = file.storyboard; name = Base; path = Base.lproj/Main.storyboard; sourceTree = "<group>"; };
		FA8E2F43250EC13D009D2A89 /* Assets.xcassets */ = {isa = PBXFileReference; lastKnownFileType = folder.assetcatalog; path = Assets.xcassets; sourceTree = "<group>"; };
		FA8E2F46250EC13D009D2A89 /* Base */ = {isa = PBXFileReference; lastKnownFileType = file.storyboard; name = Base; path = Base.lproj/LaunchScreen.storyboard; sourceTree = "<group>"; };
		FA8E2F48250EC13D009D2A89 /* Info.plist */ = {isa = PBXFileReference; lastKnownFileType = text.plist.xml; path = Info.plist; sourceTree = "<group>"; };
		FA8E2F50250EC198009D2A89 /* FirstViewController.swift */ = {isa = PBXFileReference; lastKnownFileType = sourcecode.swift; path = FirstViewController.swift; sourceTree = "<group>"; };
		FA8E2F53250EC331009D2A89 /* UIColor+Extension.swift */ = {isa = PBXFileReference; lastKnownFileType = sourcecode.swift; path = "UIColor+Extension.swift"; sourceTree = "<group>"; };
/* End PBXFileReference section */

/* Begin PBXFrameworksBuildPhase section */
		FA8E2F34250EC138009D2A89 /* Frameworks */ = {
			isa = PBXFrameworksBuildPhase;
			buildActionMask = 2147483647;
			files = (
			);
			runOnlyForDeploymentPostprocessing = 0;
		};
/* End PBXFrameworksBuildPhase section */

/* Begin PBXGroup section */
		FA8E2F2E250EC138009D2A89 = {
			isa = PBXGroup;
			children = (
				FA8E2F52250EC314009D2A89 /* Helpers */,
				FA8E2F4F250EC15D009D2A89 /* Storyboards */,
				FA8E2F4E250EC14F009D2A89 /* View Controllers */,
				FA8E2F39250EC138009D2A89 /* Timer Testing */,
				FA8E2F38250EC138009D2A89 /* Products */,
			);
			sourceTree = "<group>";
		};
		FA8E2F38250EC138009D2A89 /* Products */ = {
			isa = PBXGroup;
			children = (
				FA8E2F37250EC138009D2A89 /* Timer Testing.app */,
			);
			name = Products;
			sourceTree = "<group>";
		};
		FA8E2F39250EC138009D2A89 /* Timer Testing */ = {
			isa = PBXGroup;
			children = (
				FA8E2F3A250EC138009D2A89 /* AppDelegate.swift */,
				FA8E2F3C250EC138009D2A89 /* SceneDelegate.swift */,
				FA8E2F43250EC13D009D2A89 /* Assets.xcassets */,
				FA8E2F48250EC13D009D2A89 /* Info.plist */,
			);
			path = "Timer Testing";
			sourceTree = "<group>";
		};
		FA8E2F4E250EC14F009D2A89 /* View Controllers */ = {
			isa = PBXGroup;
			children = (
				FA8E2F50250EC198009D2A89 /* FirstViewController.swift */,
			);
			path = "View Controllers";
			sourceTree = "<group>";
		};
		FA8E2F4F250EC15D009D2A89 /* Storyboards */ = {
			isa = PBXGroup;
			children = (
				FA8E2F40250EC138009D2A89 /* Main.storyboard */,
				FA8E2F45250EC13D009D2A89 /* LaunchScreen.storyboard */,
			);
			path = Storyboards;
			sourceTree = "<group>";
		};
		FA8E2F52250EC314009D2A89 /* Helpers */ = {
			isa = PBXGroup;
			children = (
				FA8E2F53250EC331009D2A89 /* UIColor+Extension.swift */,
			);
			path = Helpers;
			sourceTree = "<group>";
		};
/* End PBXGroup section */

/* Begin PBXNativeTarget section */
		FA8E2F36250EC138009D2A89 /* Timer Testing */ = {
			isa = PBXNativeTarget;
			buildConfigurationList = FA8E2F4B250EC13D009D2A89 /* Build configuration list for PBXNativeTarget "Timer Testing" */;
			buildPhases = (
				FA8E2F33250EC138009D2A89 /* Sources */,
				FA8E2F34250EC138009D2A89 /* Frameworks */,
				FA8E2F35250EC138009D2A89 /* Resources */,
			);
			buildRules = (
			);
			dependencies = (
			);
			name = "Timer Testing";
			productName = "Timer Testing";
			productReference = FA8E2F37250EC138009D2A89 /* Timer Testing.app */;
			productType = "com.apple.product-type.application";
		};
/* End PBXNativeTarget section */

/* Begin PBXProject section */
		FA8E2F2F250EC138009D2A89 /* Project object */ = {
			isa = PBXProject;
			attributes = {
				LastSwiftUpdateCheck = 1170;
				LastUpgradeCheck = 1170;
				ORGANIZATIONNAME = WilmaRodriguez;
				TargetAttributes = {
					FA8E2F36250EC138009D2A89 = {
						CreatedOnToolsVersion = 11.7;
					};
				};
			};
			buildConfigurationList = FA8E2F32250EC138009D2A89 /* Build configuration list for PBXProject "Timer Testing" */;
			compatibilityVersion = "Xcode 9.3";
			developmentRegion = en;
			hasScannedForEncodings = 0;
			knownRegions = (
				en,
				Base,
			);
			mainGroup = FA8E2F2E250EC138009D2A89;
			productRefGroup = FA8E2F38250EC138009D2A89 /* Products */;
			projectDirPath = "";
			projectRoot = "";
			targets = (
				FA8E2F36250EC138009D2A89 /* Timer Testing */,
			);
		};
/* End PBXProject section */

/* Begin PBXResourcesBuildPhase section */
		FA8E2F35250EC138009D2A89 /* Resources */ = {
			isa = PBXResourcesBuildPhase;
			buildActionMask = 2147483647;
			files = (
				FA8E2F47250EC13D009D2A89 /* LaunchScreen.storyboard in Resources */,
				FA8E2F44250EC13D009D2A89 /* Assets.xcassets in Resources */,
				FA8E2F42250EC138009D2A89 /* Main.storyboard in Resources */,
			);
			runOnlyForDeploymentPostprocessing = 0;
		};
/* End PBXResourcesBuildPhase section */

/* Begin PBXSourcesBuildPhase section */
		FA8E2F33250EC138009D2A89 /* Sources */ = {
			isa = PBXSourcesBuildPhase;
			buildActionMask = 2147483647;
			files = (
				FA8E2F51250EC198009D2A89 /* FirstViewController.swift in Sources */,
				FA8E2F3B250EC138009D2A89 /* AppDelegate.swift in Sources */,
				FA8E2F3D250EC138009D2A89 /* SceneDelegate.swift in Sources */,
				FA8E2F54250EC331009D2A89 /* UIColor+Extension.swift in Sources */,
			);
			runOnlyForDeploymentPostprocessing = 0;
		};
/* End PBXSourcesBuildPhase section */

/* Begin PBXVariantGroup section */
		FA8E2F40250EC138009D2A89 /* Main.storyboard */ = {
			isa = PBXVariantGroup;
			children = (
				FA8E2F41250EC138009D2A89 /* Base */,
			);
			name = Main.storyboard;
			sourceTree = "<group>";
		};
		FA8E2F45250EC13D009D2A89 /* LaunchScreen.storyboard */ = {
			isa = PBXVariantGroup;
			children = (
				FA8E2F46250EC13D009D2A89 /* Base */,
			);
			name = LaunchScreen.storyboard;
			sourceTree = "<group>";
		};
/* End PBXVariantGroup section */

/* Begin XCBuildConfiguration section */
		FA8E2F49250EC13D009D2A89 /* Debug */ = {
			isa = XCBuildConfiguration;
			buildSettings = {
				ALWAYS_SEARCH_USER_PATHS = NO;
				CLANG_ANALYZER_NONNULL = YES;
				CLANG_ANALYZER_NUMBER_OBJECT_CONVERSION = YES_AGGRESSIVE;
				CLANG_CXX_LANGUAGE_STANDARD = "gnu++14";
				CLANG_CXX_LIBRARY = "libc++";
				CLANG_ENABLE_MODULES = YES;
				CLANG_ENABLE_OBJC_ARC = YES;
				CLANG_ENABLE_OBJC_WEAK = YES;
				CLANG_WARN_BLOCK_CAPTURE_AUTORELEASING = YES;
				CLANG_WARN_BOOL_CONVERSION = YES;
				CLANG_WARN_COMMA = YES;
				CLANG_WARN_CONSTANT_CONVERSION = YES;
				CLANG_WARN_DEPRECATED_OBJC_IMPLEMENTATIONS = YES;
				CLANG_WARN_DIRECT_OBJC_ISA_USAGE = YES_ERROR;
				CLANG_WARN_DOCUMENTATION_COMMENTS = YES;
				CLANG_WARN_EMPTY_BODY = YES;
				CLANG_WARN_ENUM_CONVERSION = YES;
				CLANG_WARN_INFINITE_RECURSION = YES;
				CLANG_WARN_INT_CONVERSION = YES;
				CLANG_WARN_NON_LITERAL_NULL_CONVERSION = YES;
				CLANG_WARN_OBJC_IMPLICIT_RETAIN_SELF = YES;
				CLANG_WARN_OBJC_LITERAL_CONVERSION = YES;
				CLANG_WARN_OBJC_ROOT_CLASS = YES_ERROR;
				CLANG_WARN_RANGE_LOOP_ANALYSIS = YES;
				CLANG_WARN_STRICT_PROTOTYPES = YES;
				CLANG_WARN_SUSPICIOUS_MOVE = YES;
				CLANG_WARN_UNGUARDED_AVAILABILITY = YES_AGGRESSIVE;
				CLANG_WARN_UNREACHABLE_CODE = YES;
				CLANG_WARN__DUPLICATE_METHOD_MATCH = YES;
				COPY_PHASE_STRIP = NO;
				DEBUG_INFORMATION_FORMAT = dwarf;
				ENABLE_STRICT_OBJC_MSGSEND = YES;
				ENABLE_TESTABILITY = YES;
				GCC_C_LANGUAGE_STANDARD = gnu11;
				GCC_DYNAMIC_NO_PIC = NO;
				GCC_NO_COMMON_BLOCKS = YES;
				GCC_OPTIMIZATION_LEVEL = 0;
				GCC_PREPROCESSOR_DEFINITIONS = (
					"DEBUG=1",
					"$(inherited)",
				);
				GCC_WARN_64_TO_32_BIT_CONVERSION = YES;
				GCC_WARN_ABOUT_RETURN_TYPE = YES_ERROR;
				GCC_WARN_UNDECLARED_SELECTOR = YES;
				GCC_WARN_UNINITIALIZED_AUTOS = YES_AGGRESSIVE;
				GCC_WARN_UNUSED_FUNCTION = YES;
				GCC_WARN_UNUSED_VARIABLE = YES;
				IPHONEOS_DEPLOYMENT_TARGET = 13.7;
				MTL_ENABLE_DEBUG_INFO = INCLUDE_SOURCE;
				MTL_FAST_MATH = YES;
				ONLY_ACTIVE_ARCH = YES;
				SDKROOT = iphoneos;
				SWIFT_ACTIVE_COMPILATION_CONDITIONS = DEBUG;
				SWIFT_OPTIMIZATION_LEVEL = "-Onone";
			};
			name = Debug;
		};
		FA8E2F4A250EC13D009D2A89 /* Release */ = {
			isa = XCBuildConfiguration;
			buildSettings = {
				ALWAYS_SEARCH_USER_PATHS = NO;
				CLANG_ANALYZER_NONNULL = YES;
				CLANG_ANALYZER_NUMBER_OBJECT_CONVERSION = YES_AGGRESSIVE;
				CLANG_CXX_LANGUAGE_STANDARD = "gnu++14";
				CLANG_CXX_LIBRARY = "libc++";
				CLANG_ENABLE_MODULES = YES;
				CLANG_ENABLE_OBJC_ARC = YES;
				CLANG_ENABLE_OBJC_WEAK = YES;
				CLANG_WARN_BLOCK_CAPTURE_AUTORELEASING = YES;
				CLANG_WARN_BOOL_CONVERSION = YES;
				CLANG_WARN_COMMA = YES;
				CLANG_WARN_CONSTANT_CONVERSION = YES;
				CLANG_WARN_DEPRECATED_OBJC_IMPLEMENTATIONS = YES;
				CLANG_WARN_DIRECT_OBJC_ISA_USAGE = YES_ERROR;
				CLANG_WARN_DOCUMENTATION_COMMENTS = YES;
				CLANG_WARN_EMPTY_BODY = YES;
				CLANG_WARN_ENUM_CONVERSION = YES;
				CLANG_WARN_INFINITE_RECURSION = YES;
				CLANG_WARN_INT_CONVERSION = YES;
				CLANG_WARN_NON_LITERAL_NULL_CONVERSION = YES;
				CLANG_WARN_OBJC_IMPLICIT_RETAIN_SELF = YES;
				CLANG_WARN_OBJC_LITERAL_CONVERSION = YES;
				CLANG_WARN_OBJC_ROOT_CLASS = YES_ERROR;
				CLANG_WARN_RANGE_LOOP_ANALYSIS = YES;
				CLANG_WARN_STRICT_PROTOTYPES = YES;
				CLANG_WARN_SUSPICIOUS_MOVE = YES;
				CLANG_WARN_UNGUARDED_AVAILABILITY = YES_AGGRESSIVE;
				CLANG_WARN_UNREACHABLE_CODE = YES;
				CLANG_WARN__DUPLICATE_METHOD_MATCH = YES;
				COPY_PHASE_STRIP = NO;
				DEBUG_INFORMATION_FORMAT = "dwarf-with-dsym";
				ENABLE_NS_ASSERTIONS = NO;
				ENABLE_STRICT_OBJC_MSGSEND = YES;
				GCC_C_LANGUAGE_STANDARD = gnu11;
				GCC_NO_COMMON_BLOCKS = YES;
				GCC_WARN_64_TO_32_BIT_CONVERSION = YES;
				GCC_WARN_ABOUT_RETURN_TYPE = YES_ERROR;
				GCC_WARN_UNDECLARED_SELECTOR = YES;
				GCC_WARN_UNINITIALIZED_AUTOS = YES_AGGRESSIVE;
				GCC_WARN_UNUSED_FUNCTION = YES;
				GCC_WARN_UNUSED_VARIABLE = YES;
				IPHONEOS_DEPLOYMENT_TARGET = 13.7;
				MTL_ENABLE_DEBUG_INFO = NO;
				MTL_FAST_MATH = YES;
				SDKROOT = iphoneos;
				SWIFT_COMPILATION_MODE = wholemodule;
				SWIFT_OPTIMIZATION_LEVEL = "-O";
				VALIDATE_PRODUCT = YES;
			};
			name = Release;
		};
		FA8E2F4C250EC13D009D2A89 /* Debug */ = {
			isa = XCBuildConfiguration;
			buildSettings = {
				ASSETCATALOG_COMPILER_APPICON_NAME = AppIcon;
				CODE_SIGN_STYLE = Automatic;
				DEVELOPMENT_TEAM = YQ69KMC87V;
				INFOPLIST_FILE = "Timer Testing/Info.plist";
				LD_RUNPATH_SEARCH_PATHS = (
					"$(inherited)",
					"@executable_path/Frameworks",
				);
				PRODUCT_BUNDLE_IDENTIFIER = "com.wilmarodriguez.Timer-Testing";
				PRODUCT_NAME = "$(TARGET_NAME)";
				SWIFT_VERSION = 5.0;
				TARGETED_DEVICE_FAMILY = "1,2";
			};
			name = Debug;
		};
		FA8E2F4D250EC13D009D2A89 /* Release */ = {
			isa = XCBuildConfiguration;
			buildSettings = {
				ASSETCATALOG_COMPILER_APPICON_NAME = AppIcon;
				CODE_SIGN_STYLE = Automatic;
				DEVELOPMENT_TEAM = YQ69KMC87V;
				INFOPLIST_FILE = "Timer Testing/Info.plist";
				LD_RUNPATH_SEARCH_PATHS = (
					"$(inherited)",
					"@executable_path/Frameworks",
				);
				PRODUCT_BUNDLE_IDENTIFIER = "com.wilmarodriguez.Timer-Testing";
				PRODUCT_NAME = "$(TARGET_NAME)";
				SWIFT_VERSION = 5.0;
				TARGETED_DEVICE_FAMILY = "1,2";
			};
			name = Release;
		};
/* End XCBuildConfiguration section */

/* Begin XCConfigurationList section */
		FA8E2F32250EC138009D2A89 /* Build configuration list for PBXProject "Timer Testing" */ = {
			isa = XCConfigurationList;
			buildConfigurations = (
				FA8E2F49250EC13D009D2A89 /* Debug */,
				FA8E2F4A250EC13D009D2A89 /* Release */,
			);
			defaultConfigurationIsVisible = 0;
			defaultConfigurationName = Release;
		};
		FA8E2F4B250EC13D009D2A89 /* Build configuration list for PBXNativeTarget "Timer Testing" */ = {
			isa = XCConfigurationList;
			buildConfigurations = (
				FA8E2F4C250EC13D009D2A89 /* Debug */,
				FA8E2F4D250EC13D009D2A89 /* Release */,
			);
			defaultConfigurationIsVisible = 0;
			defaultConfigurationName = Release;
		};
/* End XCConfigurationList section */
	};
	rootObject = FA8E2F2F250EC138009D2A89 /* Project object */;
}
