// !$*UTF8*$!
{
	archiveVersion = 1;
	classes = {
	};
	objectVersion = 50;
	objects = {

/* Begin PBXBuildFile section */
		FA7712662467151600E0925F /* ImagePickerViewControllerRepresentable.swift in Sources */ = {isa = PBXBuildFile; fileRef = FA7712652467151600E0925F /* ImagePickerViewControllerRepresentable.swift */; };
		FA7712682467191300E0925F /* ImagePickerCoordinator.swift in Sources */ = {isa = PBXBuildFile; fileRef = FA7712672467191300E0925F /* ImagePickerCoordinator.swift */; };
		FA89ED84245F1D7300A72535 /* AppDelegate.swift in Sources */ = {isa = PBXBuildFile; fileRef = FA89ED83245F1D7300A72535 /* AppDelegate.swift */; };
		FA89ED86245F1D7300A72535 /* SceneDelegate.swift in Sources */ = {isa = PBXBuildFile; fileRef = FA89ED85245F1D7300A72535 /* SceneDelegate.swift */; };
		FA89ED8B245F1D7300A72535 /* Main.storyboard in Resources */ = {isa = PBXBuildFile; fileRef = FA89ED89245F1D7300A72535 /* Main.storyboard */; };
		FA89ED8D245F1D7600A72535 /* Assets.xcassets in Resources */ = {isa = PBXBuildFile; fileRef = FA89ED8C245F1D7600A72535 /* Assets.xcassets */; };
		FA89ED90245F1D7600A72535 /* LaunchScreen.storyboard in Resources */ = {isa = PBXBuildFile; fileRef = FA89ED8E245F1D7600A72535 /* LaunchScreen.storyboard */; };
		FA89EDF1246635B700A72535 /* MainPageView.swift in Sources */ = {isa = PBXBuildFile; fileRef = FA89EDF0246635B700A72535 /* MainPageView.swift */; };
/* End PBXBuildFile section */

/* Begin PBXFileReference section */
		FA7712652467151600E0925F /* ImagePickerViewControllerRepresentable.swift */ = {isa = PBXFileReference; lastKnownFileType = sourcecode.swift; path = ImagePickerViewControllerRepresentable.swift; sourceTree = "<group>"; };
		FA7712672467191300E0925F /* ImagePickerCoordinator.swift */ = {isa = PBXFileReference; lastKnownFileType = sourcecode.swift; path = ImagePickerCoordinator.swift; sourceTree = "<group>"; };
		FA89ED80245F1D7300A72535 /* Camera Testing.app */ = {isa = PBXFileReference; explicitFileType = wrapper.application; includeInIndex = 0; path = "Camera Testing.app"; sourceTree = BUILT_PRODUCTS_DIR; };
		FA89ED83245F1D7300A72535 /* AppDelegate.swift */ = {isa = PBXFileReference; lastKnownFileType = sourcecode.swift; path = AppDelegate.swift; sourceTree = "<group>"; };
		FA89ED85245F1D7300A72535 /* SceneDelegate.swift */ = {isa = PBXFileReference; lastKnownFileType = sourcecode.swift; path = SceneDelegate.swift; sourceTree = "<group>"; };
		FA89ED8A245F1D7300A72535 /* Base */ = {isa = PBXFileReference; lastKnownFileType = file.storyboard; name = Base; path = Base.lproj/Main.storyboard; sourceTree = "<group>"; };
		FA89ED8C245F1D7600A72535 /* Assets.xcassets */ = {isa = PBXFileReference; lastKnownFileType = folder.assetcatalog; path = Assets.xcassets; sourceTree = "<group>"; };
		FA89ED8F245F1D7600A72535 /* Base */ = {isa = PBXFileReference; lastKnownFileType = file.storyboard; name = Base; path = Base.lproj/LaunchScreen.storyboard; sourceTree = "<group>"; };
		FA89ED91245F1D7600A72535 /* Info.plist */ = {isa = PBXFileReference; lastKnownFileType = text.plist.xml; path = Info.plist; sourceTree = "<group>"; };
		FA89EDF0246635B700A72535 /* MainPageView.swift */ = {isa = PBXFileReference; lastKnownFileType = sourcecode.swift; path = MainPageView.swift; sourceTree = "<group>"; };
/* End PBXFileReference section */

/* Begin PBXFrameworksBuildPhase section */
		FA89ED7D245F1D7300A72535 /* Frameworks */ = {
			isa = PBXFrameworksBuildPhase;
			buildActionMask = 2147483647;
			files = (
			);
			runOnlyForDeploymentPostprocessing = 0;
		};
/* End PBXFrameworksBuildPhase section */

/* Begin PBXGroup section */
		FA89ED77245F1D7300A72535 = {
			isa = PBXGroup;
			children = (
				FA89ED97245F856900A72535 /* Storyboards */,
				FA89ED9B245F85B200A72535 /* View Controllers */,
				FA89EDF2246635C400A72535 /* SwiftUI Views */,
				FA89ED9A245F85A600A72535 /* Views */,
				FA89ED99245F85A100A72535 /* Models */,
				FA89ED98245F859600A72535 /* Helpers */,
				FA89ED82245F1D7300A72535 /* Camera Testing */,
				FA89ED81245F1D7300A72535 /* Products */,
			);
			sourceTree = "<group>";
		};
		FA89ED81245F1D7300A72535 /* Products */ = {
			isa = PBXGroup;
			children = (
				FA89ED80245F1D7300A72535 /* Camera Testing.app */,
			);
			name = Products;
			sourceTree = "<group>";
		};
		FA89ED82245F1D7300A72535 /* Camera Testing */ = {
			isa = PBXGroup;
			children = (
				FA89ED83245F1D7300A72535 /* AppDelegate.swift */,
				FA89ED85245F1D7300A72535 /* SceneDelegate.swift */,
				FA89ED8C245F1D7600A72535 /* Assets.xcassets */,
				FA89ED91245F1D7600A72535 /* Info.plist */,
			);
			path = "Camera Testing";
			sourceTree = "<group>";
		};
		FA89ED97245F856900A72535 /* Storyboards */ = {
			isa = PBXGroup;
			children = (
				FA89ED89245F1D7300A72535 /* Main.storyboard */,
				FA89ED8E245F1D7600A72535 /* LaunchScreen.storyboard */,
			);
			path = Storyboards;
			sourceTree = "<group>";
		};
		FA89ED98245F859600A72535 /* Helpers */ = {
			isa = PBXGroup;
			children = (
				FA7712672467191300E0925F /* ImagePickerCoordinator.swift */,
			);
			path = Helpers;
			sourceTree = "<group>";
		};
		FA89ED99245F85A100A72535 /* Models */ = {
			isa = PBXGroup;
			children = (
			);
			path = Models;
			sourceTree = "<group>";
		};
		FA89ED9A245F85A600A72535 /* Views */ = {
			isa = PBXGroup;
			children = (
			);
			path = Views;
			sourceTree = "<group>";
		};
		FA89ED9B245F85B200A72535 /* View Controllers */ = {
			isa = PBXGroup;
			children = (
			);
			path = "View Controllers";
			sourceTree = "<group>";
		};
		FA89EDF2246635C400A72535 /* SwiftUI Views */ = {
			isa = PBXGroup;
			children = (
				FA89EDF0246635B700A72535 /* MainPageView.swift */,
				FA7712652467151600E0925F /* ImagePickerViewControllerRepresentable.swift */,
			);
			path = "SwiftUI Views";
			sourceTree = "<group>";
		};
/* End PBXGroup section */

/* Begin PBXNativeTarget section */
		FA89ED7F245F1D7300A72535 /* Camera Testing */ = {
			isa = PBXNativeTarget;
			buildConfigurationList = FA89ED94245F1D7600A72535 /* Build configuration list for PBXNativeTarget "Camera Testing" */;
			buildPhases = (
				FA89ED7C245F1D7300A72535 /* Sources */,
				FA89ED7D245F1D7300A72535 /* Frameworks */,
				FA89ED7E245F1D7300A72535 /* Resources */,
			);
			buildRules = (
			);
			dependencies = (
			);
			name = "Camera Testing";
			productName = "Camera Testing";
			productReference = FA89ED80245F1D7300A72535 /* Camera Testing.app */;
			productType = "com.apple.product-type.application";
		};
/* End PBXNativeTarget section */

/* Begin PBXProject section */
		FA89ED78245F1D7300A72535 /* Project object */ = {
			isa = PBXProject;
			attributes = {
				LastSwiftUpdateCheck = 1140;
				LastUpgradeCheck = 1140;
				ORGANIZATIONNAME = WilmaRodz;
				TargetAttributes = {
					FA89ED7F245F1D7300A72535 = {
						CreatedOnToolsVersion = 11.4.1;
					};
				};
			};
			buildConfigurationList = FA89ED7B245F1D7300A72535 /* Build configuration list for PBXProject "Camera Testing" */;
			compatibilityVersion = "Xcode 9.3";
			developmentRegion = en;
			hasScannedForEncodings = 0;
			knownRegions = (
				en,
				Base,
			);
			mainGroup = FA89ED77245F1D7300A72535;
			productRefGroup = FA89ED81245F1D7300A72535 /* Products */;
			projectDirPath = "";
			projectRoot = "";
			targets = (
				FA89ED7F245F1D7300A72535 /* Camera Testing */,
			);
		};
/* End PBXProject section */

/* Begin PBXResourcesBuildPhase section */
		FA89ED7E245F1D7300A72535 /* Resources */ = {
			isa = PBXResourcesBuildPhase;
			buildActionMask = 2147483647;
			files = (
				FA89ED90245F1D7600A72535 /* LaunchScreen.storyboard in Resources */,
				FA89ED8D245F1D7600A72535 /* Assets.xcassets in Resources */,
				FA89ED8B245F1D7300A72535 /* Main.storyboard in Resources */,
			);
			runOnlyForDeploymentPostprocessing = 0;
		};
/* End PBXResourcesBuildPhase section */

/* Begin PBXSourcesBuildPhase section */
		FA89ED7C245F1D7300A72535 /* Sources */ = {
			isa = PBXSourcesBuildPhase;
			buildActionMask = 2147483647;
			files = (
				FA89ED84245F1D7300A72535 /* AppDelegate.swift in Sources */,
				FA89ED86245F1D7300A72535 /* SceneDelegate.swift in Sources */,
				FA89EDF1246635B700A72535 /* MainPageView.swift in Sources */,
				FA7712662467151600E0925F /* ImagePickerViewControllerRepresentable.swift in Sources */,
				FA7712682467191300E0925F /* ImagePickerCoordinator.swift in Sources */,
			);
			runOnlyForDeploymentPostprocessing = 0;
		};
/* End PBXSourcesBuildPhase section */

/* Begin PBXVariantGroup section */
		FA89ED89245F1D7300A72535 /* Main.storyboard */ = {
			isa = PBXVariantGroup;
			children = (
				FA89ED8A245F1D7300A72535 /* Base */,
			);
			name = Main.storyboard;
			sourceTree = "<group>";
		};
		FA89ED8E245F1D7600A72535 /* LaunchScreen.storyboard */ = {
			isa = PBXVariantGroup;
			children = (
				FA89ED8F245F1D7600A72535 /* Base */,
			);
			name = LaunchScreen.storyboard;
			sourceTree = "<group>";
		};
/* End PBXVariantGroup section */

/* Begin XCBuildConfiguration section */
		FA89ED92245F1D7600A72535 /* Debug */ = {
			isa = XCBuildConfiguration;
			buildSettings = {
				ALWAYS_SEARCH_USER_PATHS = NO;
				CLANG_ANALYZER_NONNULL = YES;
				CLANG_ANALYZER_NUMBER_OBJECT_CONVERSION = YES_AGGRESSIVE;
				CLANG_CXX_LANGUAGE_STANDARD = "gnu++14";
				CLANG_CXX_LIBRARY = "libc++";
				CLANG_ENABLE_MODULES = YES;
				CLANG_ENABLE_OBJC_ARC = YES;
				CLANG_ENABLE_OBJC_WEAK = YES;
				CLANG_WARN_BLOCK_CAPTURE_AUTORELEASING = YES;
				CLANG_WARN_BOOL_CONVERSION = YES;
				CLANG_WARN_COMMA = YES;
				CLANG_WARN_CONSTANT_CONVERSION = YES;
				CLANG_WARN_DEPRECATED_OBJC_IMPLEMENTATIONS = YES;
				CLANG_WARN_DIRECT_OBJC_ISA_USAGE = YES_ERROR;
				CLANG_WARN_DOCUMENTATION_COMMENTS = YES;
				CLANG_WARN_EMPTY_BODY = YES;
				CLANG_WARN_ENUM_CONVERSION = YES;
				CLANG_WARN_INFINITE_RECURSION = YES;
				CLANG_WARN_INT_CONVERSION = YES;
				CLANG_WARN_NON_LITERAL_NULL_CONVERSION = YES;
				CLANG_WARN_OBJC_IMPLICIT_RETAIN_SELF = YES;
				CLANG_WARN_OBJC_LITERAL_CONVERSION = YES;
				CLANG_WARN_OBJC_ROOT_CLASS = YES_ERROR;
				CLANG_WARN_RANGE_LOOP_ANALYSIS = YES;
				CLANG_WARN_STRICT_PROTOTYPES = YES;
				CLANG_WARN_SUSPICIOUS_MOVE = YES;
				CLANG_WARN_UNGUARDED_AVAILABILITY = YES_AGGRESSIVE;
				CLANG_WARN_UNREACHABLE_CODE = YES;
				CLANG_WARN__DUPLICATE_METHOD_MATCH = YES;
				COPY_PHASE_STRIP = NO;
				DEBUG_INFORMATION_FORMAT = dwarf;
				ENABLE_STRICT_OBJC_MSGSEND = YES;
				ENABLE_TESTABILITY = YES;
				GCC_C_LANGUAGE_STANDARD = gnu11;
				GCC_DYNAMIC_NO_PIC = NO;
				GCC_NO_COMMON_BLOCKS = YES;
				GCC_OPTIMIZATION_LEVEL = 0;
				GCC_PREPROCESSOR_DEFINITIONS = (
					"DEBUG=1",
					"$(inherited)",
				);
				GCC_WARN_64_TO_32_BIT_CONVERSION = YES;
				GCC_WARN_ABOUT_RETURN_TYPE = YES_ERROR;
				GCC_WARN_UNDECLARED_SELECTOR = YES;
				GCC_WARN_UNINITIALIZED_AUTOS = YES_AGGRESSIVE;
				GCC_WARN_UNUSED_FUNCTION = YES;
				GCC_WARN_UNUSED_VARIABLE = YES;
				IPHONEOS_DEPLOYMENT_TARGET = 13.4;
				MTL_ENABLE_DEBUG_INFO = INCLUDE_SOURCE;
				MTL_FAST_MATH = YES;
				ONLY_ACTIVE_ARCH = YES;
				SDKROOT = iphoneos;
				SWIFT_ACTIVE_COMPILATION_CONDITIONS = DEBUG;
				SWIFT_OPTIMIZATION_LEVEL = "-Onone";
			};
			name = Debug;
		};
		FA89ED93245F1D7600A72535 /* Release */ = {
			isa = XCBuildConfiguration;
			buildSettings = {
				ALWAYS_SEARCH_USER_PATHS = NO;
				CLANG_ANALYZER_NONNULL = YES;
				CLANG_ANALYZER_NUMBER_OBJECT_CONVERSION = YES_AGGRESSIVE;
				CLANG_CXX_LANGUAGE_STANDARD = "gnu++14";
				CLANG_CXX_LIBRARY = "libc++";
				CLANG_ENABLE_MODULES = YES;
				CLANG_ENABLE_OBJC_ARC = YES;
				CLANG_ENABLE_OBJC_WEAK = YES;
				CLANG_WARN_BLOCK_CAPTURE_AUTORELEASING = YES;
				CLANG_WARN_BOOL_CONVERSION = YES;
				CLANG_WARN_COMMA = YES;
				CLANG_WARN_CONSTANT_CONVERSION = YES;
				CLANG_WARN_DEPRECATED_OBJC_IMPLEMENTATIONS = YES;
				CLANG_WARN_DIRECT_OBJC_ISA_USAGE = YES_ERROR;
				CLANG_WARN_DOCUMENTATION_COMMENTS = YES;
				CLANG_WARN_EMPTY_BODY = YES;
				CLANG_WARN_ENUM_CONVERSION = YES;
				CLANG_WARN_INFINITE_RECURSION = YES;
				CLANG_WARN_INT_CONVERSION = YES;
				CLANG_WARN_NON_LITERAL_NULL_CONVERSION = YES;
				CLANG_WARN_OBJC_IMPLICIT_RETAIN_SELF = YES;
				CLANG_WARN_OBJC_LITERAL_CONVERSION = YES;
				CLANG_WARN_OBJC_ROOT_CLASS = YES_ERROR;
				CLANG_WARN_RANGE_LOOP_ANALYSIS = YES;
				CLANG_WARN_STRICT_PROTOTYPES = YES;
				CLANG_WARN_SUSPICIOUS_MOVE = YES;
				CLANG_WARN_UNGUARDED_AVAILABILITY = YES_AGGRESSIVE;
				CLANG_WARN_UNREACHABLE_CODE = YES;
				CLANG_WARN__DUPLICATE_METHOD_MATCH = YES;
				COPY_PHASE_STRIP = NO;
				DEBUG_INFORMATION_FORMAT = "dwarf-with-dsym";
				ENABLE_NS_ASSERTIONS = NO;
				ENABLE_STRICT_OBJC_MSGSEND = YES;
				GCC_C_LANGUAGE_STANDARD = gnu11;
				GCC_NO_COMMON_BLOCKS = YES;
				GCC_WARN_64_TO_32_BIT_CONVERSION = YES;
				GCC_WARN_ABOUT_RETURN_TYPE = YES_ERROR;
				GCC_WARN_UNDECLARED_SELECTOR = YES;
				GCC_WARN_UNINITIALIZED_AUTOS = YES_AGGRESSIVE;
				GCC_WARN_UNUSED_FUNCTION = YES;
				GCC_WARN_UNUSED_VARIABLE = YES;
				IPHONEOS_DEPLOYMENT_TARGET = 13.4;
				MTL_ENABLE_DEBUG_INFO = NO;
				MTL_FAST_MATH = YES;
				SDKROOT = iphoneos;
				SWIFT_COMPILATION_MODE = wholemodule;
				SWIFT_OPTIMIZATION_LEVEL = "-O";
				VALIDATE_PRODUCT = YES;
			};
			name = Release;
		};
		FA89ED95245F1D7600A72535 /* Debug */ = {
			isa = XCBuildConfiguration;
			buildSettings = {
				ASSETCATALOG_COMPILER_APPICON_NAME = AppIcon;
				CODE_SIGN_STYLE = Automatic;
				DEVELOPMENT_TEAM = D8VQQ7D7K4;
				INFOPLIST_FILE = "Camera Testing/Info.plist";
				LD_RUNPATH_SEARCH_PATHS = (
					"$(inherited)",
					"@executable_path/Frameworks",
				);
				PRODUCT_BUNDLE_IDENTIFIER = "com.wilmarodz.Camera-Testing";
				PRODUCT_NAME = "$(TARGET_NAME)";
				SWIFT_VERSION = 5.0;
				TARGETED_DEVICE_FAMILY = "1,2";
			};
			name = Debug;
		};
		FA89ED96245F1D7600A72535 /* Release */ = {
			isa = XCBuildConfiguration;
			buildSettings = {
				ASSETCATALOG_COMPILER_APPICON_NAME = AppIcon;
				CODE_SIGN_STYLE = Automatic;
				DEVELOPMENT_TEAM = D8VQQ7D7K4;
				INFOPLIST_FILE = "Camera Testing/Info.plist";
				LD_RUNPATH_SEARCH_PATHS = (
					"$(inherited)",
					"@executable_path/Frameworks",
				);
				PRODUCT_BUNDLE_IDENTIFIER = "com.wilmarodz.Camera-Testing";
				PRODUCT_NAME = "$(TARGET_NAME)";
				SWIFT_VERSION = 5.0;
				TARGETED_DEVICE_FAMILY = "1,2";
			};
			name = Release;
		};
/* End XCBuildConfiguration section */

/* Begin XCConfigurationList section */
		FA89ED7B245F1D7300A72535 /* Build configuration list for PBXProject "Camera Testing" */ = {
			isa = XCConfigurationList;
			buildConfigurations = (
				FA89ED92245F1D7600A72535 /* Debug */,
				FA89ED93245F1D7600A72535 /* Release */,
			);
			defaultConfigurationIsVisible = 0;
			defaultConfigurationName = Release;
		};
		FA89ED94245F1D7600A72535 /* Build configuration list for PBXNativeTarget "Camera Testing" */ = {
			isa = XCConfigurationList;
			buildConfigurations = (
				FA89ED95245F1D7600A72535 /* Debug */,
				FA89ED96245F1D7600A72535 /* Release */,
			);
			defaultConfigurationIsVisible = 0;
			defaultConfigurationName = Release;
		};
/* End XCConfigurationList section */
	};
	rootObject = FA89ED78245F1D7300A72535 /* Project object */;
}
